
Microsoft Visual Studio Solution File, Format Version 12.00
# Visual Studio Version 16
VisualStudioVersion = 16.0.30309.148
MinimumVisualStudioVersion = 10.0.40219.1
Project("{FAE04EC0-301F-11D3-BF4B-00C04F79EFBC}") = "APIGroup1Android", "APIGroup1Android\APIGroup1Android.csproj", "{C1DF7622-C2BF-43D6-BAF9-E34E85544734}"
EndProject
Global
	GlobalSection(SolutionConfigurationPlatforms) = preSolution
		Debug|Any CPU = Debug|Any CPU
		Release|Any CPU = Release|Any CPU
	EndGlobalSection
	GlobalSection(ProjectConfigurationPlatforms) = postSolution
		{C1DF7622-C2BF-43D6-BAF9-E34E85544734}.Debug|Any CPU.ActiveCfg = Debug|Any CPU
		{C1DF7622-C2BF-43D6-BAF9-E34E85544734}.Debug|Any CPU.Build.0 = Debug|Any CPU
		{C1DF7622-C2BF-43D6-BAF9-E34E85544734}.Release|Any CPU.ActiveCfg = Release|Any CPU
		{C1DF7622-C2BF-43D6-BAF9-E34E85544734}.Release|Any CPU.Build.0 = Release|Any CPU
	EndGlobalSection
	GlobalSection(SolutionProperties) = preSolution
		HideSolutionNode = FALSE
	EndGlobalSection
	GlobalSection(ExtensibilityGlobals) = postSolution
		SolutionGuid = {13C8ACCC-2BC8-40E2-9262-BD4F43F57D22}
	EndGlobalSection
EndGlobal
